<?xml version="1.0" encoding="UTF-8" standalone="yes" ?>
<CodeBlocks_project_file>
	<FileVersion major="1" minor="6" />
	<Project>
		<Option title="Mr.Beast" />
		<Option pch_mode="2" />
		<Option compiler="gcc" />
		<Build>
			<Target title="Debug">
				<Option output="bin/Debug/Mr" prefix_auto="1" extension_auto="1" />
				<Option object_output="obj/Debug/" />
				<Option type="1" />
				<Option compiler="gcc" />
				<Compiler>
					<Add option="-g" />
					<Add directory="include" />
				</Compiler>
			</Target>
			<Target title="Release">
				<Option output="bin/Release/Mr" prefix_auto="1" extension_auto="1" />
				<Option object_output="obj/Release/" />
				<Option type="0" />
				<Option compiler="gcc" />
				<Compiler>
					<Add option="-O2" />
					<Add directory="include" />
				</Compiler>
				<Linker>
					<Add option="-s" />
				</Linker>
			</Target>
		</Build>
		<Compiler>
			<Add option="-Wall" />
			<Add directory="C:/Users/Quan/Desktop/SDL2-2.0.5/i686-w64-mingw32/include" />
		</Compiler>
		<Linker>
			<Add library="mingw32" />
			<Add library="SDL2main" />
			<Add library="SDL2.dll" />
			<Add library="user32" />
			<Add library="gdi32" />
			<Add library="winmm" />
			<Add library="dxguid" />
			<Add directory="C:/Users/Quan/Desktop/SDL2-2.0.5/i686-w64-mingw32/lib" />
		</Linker>
		<ExtraCommands>
			<Add after="XCOPY $(#sdl2)\bin\*.dll $(TARGET_OUTPUT_DIR) /D /Y" />
		</ExtraCommands>
		<Unit filename="include/Collectable.h" />
		<Unit filename="include/Game.h" />
		<Unit filename="include/NPC.h" />
		<Unit filename="include/Player.h" />
		<Unit filename="include/Ray_cast.h" />
		<Unit filename="include/StaticObject.h" />
		<Unit filename="include/Teleport.h" />
		<Unit filename="include/TextureManager.h" />
		<Unit filename="include/map.h" />
		<Unit filename="main.cpp" />
		<Unit filename="src/Collectable.cpp" />
		<Unit filename="src/Game.cpp" />
		<Unit filename="src/NPC.cpp" />
		<Unit filename="src/Object.cpp" />
		<Unit filename="src/Player.cpp" />
		<Unit filename="src/Ray_cast.cpp" />
		<Unit filename="src/StaticObject.cpp" />
		<Unit filename="src/Teleport.cpp" />
		<Unit filename="src/TextureManager.cpp" />
		<Unit filename="src/map.cpp" />
		<Extensions />
	</Project>
</CodeBlocks_project_file>
